#MicroXplorer Configuration settings - do not modify
File.Version=5
KeepUserPlacement=false
Mcu.Family=STM32F0
Mcu.IP0=I2C1
Mcu.IP1=NVIC
Mcu.IP2=RCC
Mcu.IP3=SYS
Mcu.IP4=TIM3
Mcu.IP5=TIM14
Mcu.IP6=USART2
Mcu.IPNb=7
Mcu.Name=STM32F042F6Px
Mcu.Package=TSSOP20
Mcu.Pin0=PF0-OSC_IN
Mcu.Pin1=PF1-OSC_OUT
Mcu.Pin10=PA14
Mcu.Pin11=VP_TIM3_VS_ClockSourceINT
Mcu.Pin12=VP_TIM14_VS_ClockSourceINT
Mcu.Pin13=VP_TIM14_VS_OPM
Mcu.Pin2=PA0
Mcu.Pin3=PA2
Mcu.Pin4=PA3
Mcu.Pin5=PA4
Mcu.Pin6=PA6
Mcu.Pin7=PA7
Mcu.Pin8=PB1
Mcu.Pin9=PA13
Mcu.PinsNb=14
Mcu.UserConstants=
Mcu.UserName=STM32F042F6Px
MxCube.Version=4.11.0
MxDb.Version=DB.4.0.110
NVIC.SysTick_IRQn=true\:0\:0\:false
PA0.Mode=SYS_WKUP1
PA0.Signal=SYS_WKUP1
PA13.Mode=Serial-WireDebug
PA13.Signal=SYS_SWDIO
PA14.Mode=Serial-WireDebug
PA14.Signal=SYS_SWCLK
PA2.Mode=Asynchronous
PA2.Signal=USART2_TX
PA3.Mode=Asynchronous
PA3.Signal=USART2_RX
PA4.GPIOParameters=GPIO_Label
PA4.GPIO_Label=PWM_MOTOR
PA4.Locked=true
PA4.Signal=S_TIM14_CH1
PA6.GPIOParameters=GPIO_Label
PA6.GPIO_Label=LED_R
PA6.Signal=S_TIM3_CH1
PA7.GPIOParameters=GPIO_Label
PA7.GPIO_Label=LED_G
PA7.Signal=S_TIM3_CH2
PB1.GPIOParameters=GPIO_Label
PB1.GPIO_Label=LED_B
PB1.Signal=S_TIM3_CH4
PCC.Checker=false
PCC.Line=STM32F0x2
PCC.MCU=STM32F042F6Px
PCC.MXVersion=4.11.0
PCC.PartNumber=STM32F042F6Px
PCC.Seq0=0
PCC.Series=STM32F0
PCC.Temperature=25
PCC.Vdd=3.6
PF0-OSC_IN.Mode=I2C
PF0-OSC_IN.Signal=I2C1_SDA
PF1-OSC_OUT.Mode=I2C
PF1-OSC_OUT.Signal=I2C1_SCL
RCC.CECFreq_Value=32786.88524590164
RCC.FamilyName=M
RCC.HSICECFreq_Value=32786.88524590164
RCC.IPParameters=FamilyName,HSICECFreq_Value,CECFreq_Value,TimSysFreq_Value,PLLCLKFreq_Value,VCOOutput2Freq_Value
RCC.PLLCLKFreq_Value=16000000
RCC.TimSysFreq_Value=8000000
RCC.VCOOutput2Freq_Value=8000000
SH.S_TIM14_CH1.0=TIM14_CH1,PWM Generation1 CH1
SH.S_TIM14_CH1.ConfNb=1
SH.S_TIM3_CH1.0=TIM3_CH1,PWM Generation1 CH1
SH.S_TIM3_CH1.ConfNb=1
SH.S_TIM3_CH2.0=TIM3_CH2,PWM Generation2 CH2
SH.S_TIM3_CH2.ConfNb=1
SH.S_TIM3_CH4.0=TIM3_CH4,PWM Generation4 CH4
SH.S_TIM3_CH4.ConfNb=1
TIM3.Channel-PWM\ Generation2\ CH2=TIM_CHANNEL_2
TIM3.Channel-PWM\ Generation4\ CH4=TIM_CHANNEL_4
TIM3.IPParameters=Channel-PWM Generation2 CH2,Channel-PWM Generation4 CH4
VP_TIM14_VS_ClockSourceINT.Mode=Enable_Timer
VP_TIM14_VS_ClockSourceINT.Signal=TIM14_VS_ClockSourceINT
VP_TIM14_VS_OPM.Mode=OPM_bit
VP_TIM14_VS_OPM.Signal=TIM14_VS_OPM
VP_TIM3_VS_ClockSourceINT.Mode=Internal
VP_TIM3_VS_ClockSourceINT.Signal=TIM3_VS_ClockSourceINT
