#MicroXplorer Configuration settings - do not modify
Dma.ADC.4.Direction=DMA_PERIPH_TO_MEMORY
Dma.ADC.4.Instance=DMA1_Channel1
Dma.ADC.4.MemDataAlignment=DMA_MDATAALIGN_HALFWORD
Dma.ADC.4.MemInc=DMA_MINC_ENABLE
Dma.ADC.4.Mode=DMA_NORMAL
Dma.ADC.4.PeriphDataAlignment=DMA_PDATAALIGN_HALFWORD
Dma.ADC.4.PeriphInc=DMA_PINC_DISABLE
Dma.ADC.4.Priority=DMA_PRIORITY_LOW
Dma.ADC.4.RequestParameters=Instance,Direction,PeriphInc,MemInc,PeriphDataAlignment,MemDataAlignment,Mode,Priority
Dma.I2C1_RX.2.Direction=DMA_PERIPH_TO_MEMORY
Dma.I2C1_RX.2.Instance=DMA1_Channel3
Dma.I2C1_RX.2.MemDataAlignment=DMA_MDATAALIGN_BYTE
Dma.I2C1_RX.2.MemInc=DMA_MINC_ENABLE
Dma.I2C1_RX.2.Mode=DMA_NORMAL
Dma.I2C1_RX.2.PeriphDataAlignment=DMA_PDATAALIGN_BYTE
Dma.I2C1_RX.2.PeriphInc=DMA_PINC_DISABLE
Dma.I2C1_RX.2.Priority=DMA_PRIORITY_LOW
Dma.I2C1_RX.2.RequestParameters=Instance,Direction,PeriphInc,MemInc,PeriphDataAlignment,MemDataAlignment,Mode,Priority
Dma.I2C1_TX.3.Direction=DMA_MEMORY_TO_PERIPH
Dma.I2C1_TX.3.Instance=DMA1_Channel2
Dma.I2C1_TX.3.MemDataAlignment=DMA_MDATAALIGN_BYTE
Dma.I2C1_TX.3.MemInc=DMA_MINC_ENABLE
Dma.I2C1_TX.3.Mode=DMA_NORMAL
Dma.I2C1_TX.3.PeriphDataAlignment=DMA_PDATAALIGN_BYTE
Dma.I2C1_TX.3.PeriphInc=DMA_PINC_DISABLE
Dma.I2C1_TX.3.Priority=DMA_PRIORITY_LOW
Dma.I2C1_TX.3.RequestParameters=Instance,Direction,PeriphInc,MemInc,PeriphDataAlignment,MemDataAlignment,Mode,Priority
Dma.Request0=USART2_TX
Dma.Request1=USART2_RX
Dma.Request2=I2C1_RX
Dma.Request3=I2C1_TX
Dma.Request4=ADC
Dma.RequestsNb=5
Dma.USART2_RX.1.Direction=DMA_PERIPH_TO_MEMORY
Dma.USART2_RX.1.Instance=DMA1_Channel5
Dma.USART2_RX.1.MemDataAlignment=DMA_MDATAALIGN_BYTE
Dma.USART2_RX.1.MemInc=DMA_MINC_ENABLE
Dma.USART2_RX.1.Mode=DMA_NORMAL
Dma.USART2_RX.1.PeriphDataAlignment=DMA_PDATAALIGN_BYTE
Dma.USART2_RX.1.PeriphInc=DMA_PINC_DISABLE
Dma.USART2_RX.1.Priority=DMA_PRIORITY_LOW
Dma.USART2_RX.1.RequestParameters=Instance,Direction,PeriphInc,MemInc,PeriphDataAlignment,MemDataAlignment,Mode,Priority
Dma.USART2_TX.0.Direction=DMA_MEMORY_TO_PERIPH
Dma.USART2_TX.0.Instance=DMA1_Channel4
Dma.USART2_TX.0.MemDataAlignment=DMA_MDATAALIGN_BYTE
Dma.USART2_TX.0.MemInc=DMA_MINC_ENABLE
Dma.USART2_TX.0.Mode=DMA_NORMAL
Dma.USART2_TX.0.PeriphDataAlignment=DMA_PDATAALIGN_BYTE
Dma.USART2_TX.0.PeriphInc=DMA_PINC_DISABLE
Dma.USART2_TX.0.Priority=DMA_PRIORITY_LOW
Dma.USART2_TX.0.RequestParameters=Instance,Direction,PeriphInc,MemInc,PeriphDataAlignment,MemDataAlignment,Mode,Priority
File.Version=5
I2C1.IPParameters=Timing
I2C1.Timing=0x2000090E
KeepUserPlacement=false
Mcu.Family=STM32F0
Mcu.IP0=ADC
Mcu.IP1=DMA
Mcu.IP10=USB
Mcu.IP2=I2C1
Mcu.IP3=NVIC
Mcu.IP4=RCC
Mcu.IP5=SYS
Mcu.IP6=TIM2
Mcu.IP7=TIM3
Mcu.IP8=TIM14
Mcu.IP9=USART2
Mcu.IPNb=11
Mcu.Name=STM32F042G(4-6)Ux
Mcu.Package=UFQFPN28
Mcu.Pin0=PF0-OSC_IN
Mcu.Pin1=PF1-OSC_OUT
Mcu.Pin10=PA11
Mcu.Pin11=PA12
Mcu.Pin12=PA13
Mcu.Pin13=PA14
Mcu.Pin14=PB6
Mcu.Pin15=PB7
Mcu.Pin16=VP_SYS_VS_PINREMAP
Mcu.Pin17=VP_TIM2_VS_ClockSourceINT
Mcu.Pin18=VP_TIM3_VS_ClockSourceINT
Mcu.Pin19=VP_TIM14_VS_ClockSourceINT
Mcu.Pin2=PA0
Mcu.Pin3=PA1
Mcu.Pin4=PA2
Mcu.Pin5=PA3
Mcu.Pin6=PA4
Mcu.Pin7=PA6
Mcu.Pin8=PA7
Mcu.Pin9=PB0
Mcu.PinsNb=20
Mcu.UserConstants=
Mcu.UserName=STM32F042G6Ux
MxCube.Version=4.11.0
MxDb.Version=DB.4.0.110
NVIC.DMA1_Channel1_IRQn=true\:0\:0\:false
NVIC.DMA1_Channel2_3_IRQn=true\:0\:0\:false
NVIC.DMA1_Channel4_5_IRQn=true\:0\:0\:false
NVIC.SysTick_IRQn=true\:0\:0\:false
PA0.Mode=SYS_WKUP1
PA0.Signal=SYS_WKUP1
PA1.Mode=IN1
PA1.Signal=ADC_IN1
PA11.Mode=Device
PA11.Signal=USB_DM
PA12.Mode=Device
PA12.Signal=USB_DP
PA13.Mode=Serial-WireDebug
PA13.Signal=SYS_SWDIO
PA14.Mode=Serial-WireDebug
PA14.Signal=SYS_SWCLK
PA2.Mode=Asynchronous
PA2.Signal=USART2_TX
PA3.Mode=Asynchronous
PA3.Signal=USART2_RX
PA4.GPIOParameters=GPIO_Label
PA4.GPIO_Label=PWM_MOTOR
PA4.Signal=S_TIM14_CH1
PA6.GPIOParameters=GPIO_Label
PA6.GPIO_Label=LED_R
PA6.Signal=S_TIM3_CH1
PA7.GPIOParameters=GPIO_Label
PA7.GPIO_Label=LED_G
PA7.Signal=S_TIM3_CH2
PB0.GPIOParameters=GPIO_Label
PB0.GPIO_Label=LED_B
PB0.Signal=S_TIM3_CH3
PB6.Mode=I2C
PB6.Signal=I2C1_SCL
PB7.Mode=I2C
PB7.Signal=I2C1_SDA
PCC.Battery=Alkaline(AAA LR03)
PCC.Battery.Capacity=1250.0
PCC.Battery.Compatibility=Yes
PCC.Battery.InParallel=1
PCC.Battery.InSeries=1
PCC.Battery.MaxContinuous=400.0
PCC.Battery.MaxPulseCurrent=0.0
PCC.Battery.NominalVoltage=1.5
PCC.Battery.SelfDischarge=0.3
PCC.Checker=false
PCC.Line=STM32F0x2
PCC.MCU=STM32F042G(4-6)Ux
PCC.MXVersion=4.11.0
PCC.PartNumber=STM32F042G6Ux
PCC.Seq0=2
PCC.Seq0.Step0.Average_Current=1.84 mA
PCC.Seq0.Step0.CPU_Frequency=2.0 MHz
PCC.Seq0.Step0.Category=Datasheet
PCC.Seq0.Step0.DMIPS=0.0
PCC.Seq0.Step0.Duration=1000 ms
PCC.Seq0.Step0.Frequency=8.0 MHz
PCC.Seq0.Step0.Memory=FLASH
PCC.Seq0.Step0.Mode=RUN
PCC.Seq0.Step0.Oscillator=HSE
PCC.Seq0.Step0.Peripherals=APB-Bridge BusMatrix DMA FLASH GPIOA GPIOB I2C1 PWR SRAM SYS TIM2 TIM3 USART2
PCC.Seq0.Step0.TaMax=104.22
PCC.Seq0.Step0.User's_Consumption=165 \u00B5A
PCC.Seq0.Step0.Vcore=No Scale
PCC.Seq0.Step0.Vdd=3.6
PCC.Seq0.Step0.Voltage_Source=Battery
PCC.Seq0.Step1.Average_Current=21.68 mA
PCC.Seq0.Step1.CPU_Frequency=2.0 MHz
PCC.Seq0.Step1.Category=Datasheet
PCC.Seq0.Step1.DMIPS=0.0
PCC.Seq0.Step1.Duration=1000 ms
PCC.Seq0.Step1.Frequency=8.0 MHz
PCC.Seq0.Step1.Memory=FLASH
PCC.Seq0.Step1.Mode=RUN
PCC.Seq0.Step1.Oscillator=HSE
PCC.Seq0.Step1.Peripherals=APB-Bridge BusMatrix DMA FLASH GPIOA GPIOB I2C1 PWR SRAM SYS TIM2 TIM3 USART2
PCC.Seq0.Step1.TaMax=95.79
PCC.Seq0.Step1.User's_Consumption=20 mA
PCC.Seq0.Step1.Vcore=No Scale
PCC.Seq0.Step1.Vdd=3.6
PCC.Seq0.Step1.Voltage_Source=Battery
PCC.Series=STM32F0
PCC.Temperature=25
PCC.Vdd=3.6
PF0-OSC_IN.GPIOParameters=GPIO_Label
PF0-OSC_IN.GPIO_Label=QUARTZ
PF0-OSC_IN.Mode=HSE-External-Oscillator
PF0-OSC_IN.Signal=RCC_OSC_IN
PF1-OSC_OUT.GPIOParameters=GPIO_Label
PF1-OSC_OUT.GPIO_Label=QUARTZ
PF1-OSC_OUT.Mode=HSE-External-Oscillator
PF1-OSC_OUT.Signal=RCC_OSC_OUT
RCC.CECFreq_Value=32786.88524590164
RCC.DATA_CACHE_ENABLE=1
RCC.FamilyName=M
RCC.HSICECFreq_Value=32786.88524590164
RCC.INSTRUCTION_CACHE_ENABLE=1
RCC.IPParameters=FamilyName,HSICECFreq_Value,CECFreq_Value,TimSysFreq_Value,PLLCLKFreq_Value,PLLMCOFreq_Value,VCOOutput2Freq_Value,VDD_VALUE,INSTRUCTION_CACHE_ENABLE,DATA_CACHE_ENABLE
RCC.PLLCLKFreq_Value=16000000
RCC.PLLMCOFreq_Value=16000000
RCC.TimSysFreq_Value=8000000
RCC.VCOOutput2Freq_Value=8000000
RCC.VDD_VALUE=3.3
SH.S_TIM14_CH1.0=TIM14_CH1,PWM Generation1 CH1
SH.S_TIM14_CH1.ConfNb=1
SH.S_TIM3_CH1.0=TIM3_CH1,PWM Generation1 CH1
SH.S_TIM3_CH1.ConfNb=1
SH.S_TIM3_CH2.0=TIM3_CH2,PWM Generation2 CH2
SH.S_TIM3_CH2.ConfNb=1
SH.S_TIM3_CH3.0=TIM3_CH3,PWM Generation3 CH3
SH.S_TIM3_CH3.ConfNb=1
TIM3.Channel-PWM\ Generation2\ CH2=TIM_CHANNEL_2
TIM3.Channel-PWM\ Generation3\ CH3=TIM_CHANNEL_3
TIM3.IPParameters=Channel-PWM Generation2 CH2,Channel-PWM Generation3 CH3
VP_SYS_VS_PINREMAP.Mode=PINREMAP
VP_SYS_VS_PINREMAP.Signal=SYS_VS_PINREMAP
VP_TIM14_VS_ClockSourceINT.Mode=Enable_Timer
VP_TIM14_VS_ClockSourceINT.Signal=TIM14_VS_ClockSourceINT
VP_TIM2_VS_ClockSourceINT.Mode=Internal
VP_TIM2_VS_ClockSourceINT.Signal=TIM2_VS_ClockSourceINT
VP_TIM3_VS_ClockSourceINT.Mode=Internal
VP_TIM3_VS_ClockSourceINT.Signal=TIM3_VS_ClockSourceINT
